github.com/aws/aws-lambda-go v1.42.0 h1:U4QKkxLp/il15RJGAANxiT9VumQzimsUER7gokqA0+c=
github.com/aws/aws-lambda-go v1.42.0/go.mod h1:dpMpZgvWx5vuQJfBt0zqBha60q7Dd7RfgJv23DymV8A=
github.com/line/line-bot-sdk-go/v8 v8.0.2 h1:Gqxpb/sPykR4/X1FyNGIBjVxdf9Qd+syL2xTdgstK+Y=
github.com/line/line-bot-sdk-go/v8 v8.0.2/go.mod h1:n9Ly8OHM6xCeQktLzRpQHe/yBda95kFgmQUefUQeFCs=
